// !$*UTF8*$!
{
	archiveVersion = 1;
	classes = {
	};
	objectVersion = 50;
	objects = {

/* Begin PBXBuildFile section */
		2726A24822E077E90052C337 /* AppDelegate.swift in Sources */ = {isa = PBXBuildFile; fileRef = 2726A24722E077E90052C337 /* AppDelegate.swift */; };
		2726A24A22E077E90052C337 /* ViewController.swift in Sources */ = {isa = PBXBuildFile; fileRef = 2726A24922E077E90052C337 /* ViewController.swift */; };
		2726A24D22E077E90052C337 /* Main.storyboard in Resources */ = {isa = PBXBuildFile; fileRef = 2726A24B22E077E90052C337 /* Main.storyboard */; };
		2726A25022E077E90052C337 /* GuidelineScrollView.xcdatamodeld in Sources */ = {isa = PBXBuildFile; fileRef = 2726A24E22E077E90052C337 /* GuidelineScrollView.xcdatamodeld */; };
		2726A25222E077EA0052C337 /* Assets.xcassets in Resources */ = {isa = PBXBuildFile; fileRef = 2726A25122E077EA0052C337 /* Assets.xcassets */; };
		2726A25522E077EA0052C337 /* LaunchScreen.storyboard in Resources */ = {isa = PBXBuildFile; fileRef = 2726A25322E077EA0052C337 /* LaunchScreen.storyboard */; };
/* End PBXBuildFile section */

/* Begin PBXFileReference section */
		2726A24422E077E90052C337 /* GuidelineScrollView.app */ = {isa = PBXFileReference; explicitFileType = wrapper.application; includeInIndex = 0; path = GuidelineScrollView.app; sourceTree = BUILT_PRODUCTS_DIR; };
		2726A24722E077E90052C337 /* AppDelegate.swift */ = {isa = PBXFileReference; lastKnownFileType = sourcecode.swift; path = AppDelegate.swift; sourceTree = "<group>"; };
		2726A24922E077E90052C337 /* ViewController.swift */ = {isa = PBXFileReference; lastKnownFileType = sourcecode.swift; path = ViewController.swift; sourceTree = "<group>"; };
		2726A24C22E077E90052C337 /* Base */ = {isa = PBXFileReference; lastKnownFileType = file.storyboard; name = Base; path = Base.lproj/Main.storyboard; sourceTree = "<group>"; };
		2726A24F22E077E90052C337 /* GuidelineScrollView.xcdatamodel */ = {isa = PBXFileReference; lastKnownFileType = wrapper.xcdatamodel; path = GuidelineScrollView.xcdatamodel; sourceTree = "<group>"; };
		2726A25122E077EA0052C337 /* Assets.xcassets */ = {isa = PBXFileReference; lastKnownFileType = folder.assetcatalog; path = Assets.xcassets; sourceTree = "<group>"; };
		2726A25422E077EA0052C337 /* Base */ = {isa = PBXFileReference; lastKnownFileType = file.storyboard; name = Base; path = Base.lproj/LaunchScreen.storyboard; sourceTree = "<group>"; };
		2726A25622E077EA0052C337 /* Info.plist */ = {isa = PBXFileReference; lastKnownFileType = text.plist.xml; path = Info.plist; sourceTree = "<group>"; };
/* End PBXFileReference section */

/* Begin PBXFrameworksBuildPhase section */
		2726A24122E077E90052C337 /* Frameworks */ = {
			isa = PBXFrameworksBuildPhase;
			buildActionMask = 2147483647;
			files = (
			);
			runOnlyForDeploymentPostprocessing = 0;
		};
/* End PBXFrameworksBuildPhase section */

/* Begin PBXGroup section */
		2726A23B22E077E90052C337 = {
			isa = PBXGroup;
			children = (
				2726A24622E077E90052C337 /* GuidelineScrollView */,
				2726A24522E077E90052C337 /* Products */,
			);
			sourceTree = "<group>";
		};
		2726A24522E077E90052C337 /* Products */ = {
			isa = PBXGroup;
			children = (
				2726A24422E077E90052C337 /* GuidelineScrollView.app */,
			);
			name = Products;
			sourceTree = "<group>";
		};
		2726A24622E077E90052C337 /* GuidelineScrollView */ = {
			isa = PBXGroup;
			children = (
				2726A24722E077E90052C337 /* AppDelegate.swift */,
				2726A24922E077E90052C337 /* ViewController.swift */,
				2726A24B22E077E90052C337 /* Main.storyboard */,
				2726A25122E077EA0052C337 /* Assets.xcassets */,
				2726A25322E077EA0052C337 /* LaunchScreen.storyboard */,
				2726A25622E077EA0052C337 /* Info.plist */,
				2726A24E22E077E90052C337 /* GuidelineScrollView.xcdatamodeld */,
			);
			path = GuidelineScrollView;
			sourceTree = "<group>";
		};
/* End PBXGroup section */

/* Begin PBXNativeTarget section */
		2726A24322E077E90052C337 /* GuidelineScrollView */ = {
			isa = PBXNativeTarget;
			buildConfigurationList = 2726A25922E077EA0052C337 /* Build configuration list for PBXNativeTarget "GuidelineScrollView" */;
			buildPhases = (
				2726A24022E077E90052C337 /* Sources */,
				2726A24122E077E90052C337 /* Frameworks */,
				2726A24222E077E90052C337 /* Resources */,
			);
			buildRules = (
			);
			dependencies = (
			);
			name = GuidelineScrollView;
			productName = GuidelineScrollView;
			productReference = 2726A24422E077E90052C337 /* GuidelineScrollView.app */;
			productType = "com.apple.product-type.application";
		};
/* End PBXNativeTarget section */

/* Begin PBXProject section */
		2726A23C22E077E90052C337 /* Project object */ = {
			isa = PBXProject;
			attributes = {
				LastSwiftUpdateCheck = 1020;
				LastUpgradeCheck = 1020;
				ORGANIZATIONNAME = "Jason Valencius Wijaya";
				TargetAttributes = {
					2726A24322E077E90052C337 = {
						CreatedOnToolsVersion = 10.2.1;
					};
				};
			};
			buildConfigurationList = 2726A23F22E077E90052C337 /* Build configuration list for PBXProject "GuidelineScrollView" */;
			compatibilityVersion = "Xcode 9.3";
			developmentRegion = en;
			hasScannedForEncodings = 0;
			knownRegions = (
				en,
				Base,
			);
			mainGroup = 2726A23B22E077E90052C337;
			productRefGroup = 2726A24522E077E90052C337 /* Products */;
			projectDirPath = "";
			projectRoot = "";
			targets = (
				2726A24322E077E90052C337 /* GuidelineScrollView */,
			);
		};
/* End PBXProject section */

/* Begin PBXResourcesBuildPhase section */
		2726A24222E077E90052C337 /* Resources */ = {
			isa = PBXResourcesBuildPhase;
			buildActionMask = 2147483647;
			files = (
				2726A25522E077EA0052C337 /* LaunchScreen.storyboard in Resources */,
				2726A25222E077EA0052C337 /* Assets.xcassets in Resources */,
				2726A24D22E077E90052C337 /* Main.storyboard in Resources */,
			);
			runOnlyForDeploymentPostprocessing = 0;
		};
/* End PBXResourcesBuildPhase section */

/* Begin PBXSourcesBuildPhase section */
		2726A24022E077E90052C337 /* Sources */ = {
			isa = PBXSourcesBuildPhase;
			buildActionMask = 2147483647;
			files = (
				2726A25022E077E90052C337 /* GuidelineScrollView.xcdatamodeld in Sources */,
				2726A24A22E077E90052C337 /* ViewController.swift in Sources */,
				2726A24822E077E90052C337 /* AppDelegate.swift in Sources */,
			);
			runOnlyForDeploymentPostprocessing = 0;
		};
/* End PBXSourcesBuildPhase section */

/* Begin PBXVariantGroup section */
		2726A24B22E077E90052C337 /* Main.storyboard */ = {
			isa = PBXVariantGroup;
			children = (
				2726A24C22E077E90052C337 /* Base */,
			);
			name = Main.storyboard;
			sourceTree = "<group>";
		};
		2726A25322E077EA0052C337 /* LaunchScreen.storyboard */ = {
			isa = PBXVariantGroup;
			children = (
				2726A25422E077EA0052C337 /* Base */,
			);
			name = LaunchScreen.storyboard;
			sourceTree = "<group>";
		};
/* End PBXVariantGroup section */

/* Begin XCBuildConfiguration section */
		2726A25722E077EA0052C337 /* Debug */ = {
			isa = XCBuildConfiguration;
			buildSettings = {
				ALWAYS_SEARCH_USER_PATHS = NO;
				CLANG_ANALYZER_NONNULL = YES;
				CLANG_ANALYZER_NUMBER_OBJECT_CONVERSION = YES_AGGRESSIVE;
				CLANG_CXX_LANGUAGE_STANDARD = "gnu++14";
				CLANG_CXX_LIBRARY = "libc++";
				CLANG_ENABLE_MODULES = YES;
				CLANG_ENABLE_OBJC_ARC = YES;
				CLANG_ENABLE_OBJC_WEAK = YES;
				CLANG_WARN_BLOCK_CAPTURE_AUTORELEASING = YES;
				CLANG_WARN_BOOL_CONVERSION = YES;
				CLANG_WARN_COMMA = YES;
				CLANG_WARN_CONSTANT_CONVERSION = YES;
				CLANG_WARN_DEPRECATED_OBJC_IMPLEMENTATIONS = YES;
				CLANG_WARN_DIRECT_OBJC_ISA_USAGE = YES_ERROR;
				CLANG_WARN_DOCUMENTATION_COMMENTS = YES;
				CLANG_WARN_EMPTY_BODY = YES;
				CLANG_WARN_ENUM_CONVERSION = YES;
				CLANG_WARN_INFINITE_RECURSION = YES;
				CLANG_WARN_INT_CONVERSION = YES;
				CLANG_WARN_NON_LITERAL_NULL_CONVERSION = YES;
				CLANG_WARN_OBJC_IMPLICIT_RETAIN_SELF = YES;
				CLANG_WARN_OBJC_LITERAL_CONVERSION = YES;
				CLANG_WARN_OBJC_ROOT_CLASS = YES_ERROR;
				CLANG_WARN_RANGE_LOOP_ANALYSIS = YES;
				CLANG_WARN_STRICT_PROTOTYPES = YES;
				CLANG_WARN_SUSPICIOUS_MOVE = YES;
				CLANG_WARN_UNGUARDED_AVAILABILITY = YES_AGGRESSIVE;
				CLANG_WARN_UNREACHABLE_CODE = YES;
				CLANG_WARN__DUPLICATE_METHOD_MATCH = YES;
				CODE_SIGN_IDENTITY = "iPhone Developer";
				COPY_PHASE_STRIP = NO;
				DEBUG_INFORMATION_FORMAT = dwarf;
				ENABLE_STRICT_OBJC_MSGSEND = YES;
				ENABLE_TESTABILITY = YES;
				GCC_C_LANGUAGE_STANDARD = gnu11;
				GCC_DYNAMIC_NO_PIC = NO;
				GCC_NO_COMMON_BLOCKS = YES;
				GCC_OPTIMIZATION_LEVEL = 0;
				GCC_PREPROCESSOR_DEFINITIONS = (
					"DEBUG=1",
					"$(inherited)",
				);
				GCC_WARN_64_TO_32_BIT_CONVERSION = YES;
				GCC_WARN_ABOUT_RETURN_TYPE = YES_ERROR;
				GCC_WARN_UNDECLARED_SELECTOR = YES;
				GCC_WARN_UNINITIALIZED_AUTOS = YES_AGGRESSIVE;
				GCC_WARN_UNUSED_FUNCTION = YES;
				GCC_WARN_UNUSED_VARIABLE = YES;
				IPHONEOS_DEPLOYMENT_TARGET = 12.2;
				MTL_ENABLE_DEBUG_INFO = INCLUDE_SOURCE;
				MTL_FAST_MATH = YES;
				ONLY_ACTIVE_ARCH = YES;
				SDKROOT = iphoneos;
				SWIFT_ACTIVE_COMPILATION_CONDITIONS = DEBUG;
				SWIFT_OPTIMIZATION_LEVEL = "-Onone";
			};
			name = Debug;
		};
		2726A25822E077EA0052C337 /* Release */ = {
			isa = XCBuildConfiguration;
			buildSettings = {
				ALWAYS_SEARCH_USER_PATHS = NO;
				CLANG_ANALYZER_NONNULL = YES;
				CLANG_ANALYZER_NUMBER_OBJECT_CONVERSION = YES_AGGRESSIVE;
				CLANG_CXX_LANGUAGE_STANDARD = "gnu++14";
				CLANG_CXX_LIBRARY = "libc++";
				CLANG_ENABLE_MODULES = YES;
				CLANG_ENABLE_OBJC_ARC = YES;
				CLANG_ENABLE_OBJC_WEAK = YES;
				CLANG_WARN_BLOCK_CAPTURE_AUTORELEASING = YES;
				CLANG_WARN_BOOL_CONVERSION = YES;
				CLANG_WARN_COMMA = YES;
				CLANG_WARN_CONSTANT_CONVERSION = YES;
				CLANG_WARN_DEPRECATED_OBJC_IMPLEMENTATIONS = YES;
				CLANG_WARN_DIRECT_OBJC_ISA_USAGE = YES_ERROR;
				CLANG_WARN_DOCUMENTATION_COMMENTS = YES;
				CLANG_WARN_EMPTY_BODY = YES;
				CLANG_WARN_ENUM_CONVERSION = YES;
				CLANG_WARN_INFINITE_RECURSION = YES;
				CLANG_WARN_INT_CONVERSION = YES;
				CLANG_WARN_NON_LITERAL_NULL_CONVERSION = YES;
				CLANG_WARN_OBJC_IMPLICIT_RETAIN_SELF = YES;
				CLANG_WARN_OBJC_LITERAL_CONVERSION = YES;
				CLANG_WARN_OBJC_ROOT_CLASS = YES_ERROR;
				CLANG_WARN_RANGE_LOOP_ANALYSIS = YES;
				CLANG_WARN_STRICT_PROTOTYPES = YES;
				CLANG_WARN_SUSPICIOUS_MOVE = YES;
				CLANG_WARN_UNGUARDED_AVAILABILITY = YES_AGGRESSIVE;
				CLANG_WARN_UNREACHABLE_CODE = YES;
				CLANG_WARN__DUPLICATE_METHOD_MATCH = YES;
				CODE_SIGN_IDENTITY = "iPhone Developer";
				COPY_PHASE_STRIP = NO;
				DEBUG_INFORMATION_FORMAT = "dwarf-with-dsym";
				ENABLE_NS_ASSERTIONS = NO;
				ENABLE_STRICT_OBJC_MSGSEND = YES;
				GCC_C_LANGUAGE_STANDARD = gnu11;
				GCC_NO_COMMON_BLOCKS = YES;
				GCC_WARN_64_TO_32_BIT_CONVERSION = YES;
				GCC_WARN_ABOUT_RETURN_TYPE = YES_ERROR;
				GCC_WARN_UNDECLARED_SELECTOR = YES;
				GCC_WARN_UNINITIALIZED_AUTOS = YES_AGGRESSIVE;
				GCC_WARN_UNUSED_FUNCTION = YES;
				GCC_WARN_UNUSED_VARIABLE = YES;
				IPHONEOS_DEPLOYMENT_TARGET = 12.2;
				MTL_ENABLE_DEBUG_INFO = NO;
				MTL_FAST_MATH = YES;
				SDKROOT = iphoneos;
				SWIFT_COMPILATION_MODE = wholemodule;
				SWIFT_OPTIMIZATION_LEVEL = "-O";
				VALIDATE_PRODUCT = YES;
			};
			name = Release;
		};
		2726A25A22E077EA0052C337 /* Debug */ = {
			isa = XCBuildConfiguration;
			buildSettings = {
				ASSETCATALOG_COMPILER_APPICON_NAME = AppIcon;
				CODE_SIGN_STYLE = Automatic;
				DEVELOPMENT_TEAM = UVZM836T82;
				INFOPLIST_FILE = GuidelineScrollView/Info.plist;
				LD_RUNPATH_SEARCH_PATHS = (
					"$(inherited)",
					"@executable_path/Frameworks",
				);
				PRODUCT_BUNDLE_IDENTIFIER = com.jason.GuidelineScrollView;
				PRODUCT_NAME = "$(TARGET_NAME)";
				SWIFT_VERSION = 5.0;
				TARGETED_DEVICE_FAMILY = "1,2";
			};
			name = Debug;
		};
		2726A25B22E077EA0052C337 /* Release */ = {
			isa = XCBuildConfiguration;
			buildSettings = {
				ASSETCATALOG_COMPILER_APPICON_NAME = AppIcon;
				CODE_SIGN_STYLE = Automatic;
				DEVELOPMENT_TEAM = UVZM836T82;
				INFOPLIST_FILE = GuidelineScrollView/Info.plist;
				LD_RUNPATH_SEARCH_PATHS = (
					"$(inherited)",
					"@executable_path/Frameworks",
				);
				PRODUCT_BUNDLE_IDENTIFIER = com.jason.GuidelineScrollView;
				PRODUCT_NAME = "$(TARGET_NAME)";
				SWIFT_VERSION = 5.0;
				TARGETED_DEVICE_FAMILY = "1,2";
			};
			name = Release;
		};
/* End XCBuildConfiguration section */

/* Begin XCConfigurationList section */
		2726A23F22E077E90052C337 /* Build configuration list for PBXProject "GuidelineScrollView" */ = {
			isa = XCConfigurationList;
			buildConfigurations = (
				2726A25722E077EA0052C337 /* Debug */,
				2726A25822E077EA0052C337 /* Release */,
			);
			defaultConfigurationIsVisible = 0;
			defaultConfigurationName = Release;
		};
		2726A25922E077EA0052C337 /* Build configuration list for PBXNativeTarget "GuidelineScrollView" */ = {
			isa = XCConfigurationList;
			buildConfigurations = (
				2726A25A22E077EA0052C337 /* Debug */,
				2726A25B22E077EA0052C337 /* Release */,
			);
			defaultConfigurationIsVisible = 0;
			defaultConfigurationName = Release;
		};
/* End XCConfigurationList section */

/* Begin XCVersionGroup section */
		2726A24E22E077E90052C337 /* GuidelineScrollView.xcdatamodeld */ = {
			isa = XCVersionGroup;
			children = (
				2726A24F22E077E90052C337 /* GuidelineScrollView.xcdatamodel */,
			);
			currentVersion = 2726A24F22E077E90052C337 /* GuidelineScrollView.xcdatamodel */;
			path = GuidelineScrollView.xcdatamodeld;
			sourceTree = "<group>";
			versionGroupType = wrapper.xcdatamodel;
		};
/* End XCVersionGroup section */
	};
	rootObject = 2726A23C22E077E90052C337 /* Project object */;
}
